
Microsoft Visual Studio Solution File, Format Version 12.00
# Visual Studio Version 17
VisualStudioVersion = 17.1.32414.318
MinimumVisualStudioVersion = 10.0.40219.1
Project("{2150E333-8FDC-42A3-9474-1A3956D46DE8}") = "DevExtreme NuGet.config", "DevExtreme NuGet.config", "{2B4B61E0-4888-4E23-AB65-0F13C72EB502}"
	ProjectSection(SolutionItems) = preProject
		NuGet.config = NuGet.config
	EndProjectSection
EndProject
Project("{9A19103F-16F7-4668-BE54-9A1E7A4F7556}") = "DevExtremeMvcBootstrap", "DevExtremeMvcBootstrap\DevExtremeMvcBootstrap.csproj", "{462C0FD2-6FB6-458F-B0CB-8F460B21AE43}"
EndProject
Project("{9A19103F-16F7-4668-BE54-9A1E7A4F7556}") = "DevExtremeMvcMaterial", "DevExtremeMvcMaterial\DevExtremeMvcMaterial.csproj", "{3A134509-F98C-4846-993E-27B2B8F0430D}"
EndProject
Project("{9A19103F-16F7-4668-BE54-9A1E7A4F7556}") = "DevExtremeDemo1", "DevExtremeDemo1\DevExtremeDemo1.csproj", "{52D0B793-8D74-4579-9D4C-5A358C11EDCB}"
EndProject
Project("{FAE04EC0-301F-11D3-BF4B-00C04F79EFBC}") = "DevExtremeBootstrapRazor", "DevExtremeBootstrapRazor\DevExtremeBootstrapRazor.csproj", "{37971953-0E6B-417D-9E80-6413147671C2}"
EndProject
Global
	GlobalSection(SolutionConfigurationPlatforms) = preSolution
		Debug|Any CPU = Debug|Any CPU
		Release|Any CPU = Release|Any CPU
	EndGlobalSection
	GlobalSection(ProjectConfigurationPlatforms) = postSolution
		{462C0FD2-6FB6-458F-B0CB-8F460B21AE43}.Debug|Any CPU.ActiveCfg = Debug|Any CPU
		{462C0FD2-6FB6-458F-B0CB-8F460B21AE43}.Debug|Any CPU.Build.0 = Debug|Any CPU
		{462C0FD2-6FB6-458F-B0CB-8F460B21AE43}.Release|Any CPU.ActiveCfg = Release|Any CPU
		{462C0FD2-6FB6-458F-B0CB-8F460B21AE43}.Release|Any CPU.Build.0 = Release|Any CPU
		{3A134509-F98C-4846-993E-27B2B8F0430D}.Debug|Any CPU.ActiveCfg = Debug|Any CPU
		{3A134509-F98C-4846-993E-27B2B8F0430D}.Debug|Any CPU.Build.0 = Debug|Any CPU
		{3A134509-F98C-4846-993E-27B2B8F0430D}.Release|Any CPU.ActiveCfg = Release|Any CPU
		{3A134509-F98C-4846-993E-27B2B8F0430D}.Release|Any CPU.Build.0 = Release|Any CPU
		{52D0B793-8D74-4579-9D4C-5A358C11EDCB}.Debug|Any CPU.ActiveCfg = Debug|Any CPU
		{52D0B793-8D74-4579-9D4C-5A358C11EDCB}.Debug|Any CPU.Build.0 = Debug|Any CPU
		{52D0B793-8D74-4579-9D4C-5A358C11EDCB}.Release|Any CPU.ActiveCfg = Release|Any CPU
		{52D0B793-8D74-4579-9D4C-5A358C11EDCB}.Release|Any CPU.Build.0 = Release|Any CPU
		{37971953-0E6B-417D-9E80-6413147671C2}.Debug|Any CPU.ActiveCfg = Debug|Any CPU
		{37971953-0E6B-417D-9E80-6413147671C2}.Debug|Any CPU.Build.0 = Debug|Any CPU
		{37971953-0E6B-417D-9E80-6413147671C2}.Release|Any CPU.ActiveCfg = Release|Any CPU
		{37971953-0E6B-417D-9E80-6413147671C2}.Release|Any CPU.Build.0 = Release|Any CPU
	EndGlobalSection
	GlobalSection(SolutionProperties) = preSolution
		HideSolutionNode = FALSE
	EndGlobalSection
	GlobalSection(ExtensibilityGlobals) = postSolution
		SolutionGuid = {F6B7E5A0-C994-45B0-82BE-EF6511DDA561}
	EndGlobalSection
EndGlobal
